
Microsoft Visual Studio Solution File, Format Version 12.00
# Visual Studio Version 17
VisualStudioVersion = 17.11.35327.3
MinimumVisualStudioVersion = 10.0.40219.1
Project("{2150E333-8FDC-42A3-9474-1A3956D46DE8}") = "Task0", "Task0", "{14CEFD42-D617-4314-9F7F-C32D5D7BE83A}"
EndProject
Project("{FAE04EC0-301F-11D3-BF4B-00C04F79EFBC}") = "Tyuiu.KonstantinovaJN.Sprint2.Task0.V4", "Tyuiu.KonstantinovaJN.Sprint2.Task0.V4\Tyuiu.KonstantinovaJN.Sprint2.Task0.V4.csproj", "{3035585F-5A38-4BA2-A713-EE3429C0D748}"
EndProject
Project("{FAE04EC0-301F-11D3-BF4B-00C04F79EFBC}") = "Tyuiu.KonstantinovaJN.Sprint2.Task0.V4.Test", "Tyuiu.KonstantinovaJN.Sprint2.Task0.V4.Test\Tyuiu.KonstantinovaJN.Sprint2.Task0.V4.Test.csproj", "{CA1ED121-A119-4373-A4EF-1AFAE13224F2}"
EndProject
Project("{FAE04EC0-301F-11D3-BF4B-00C04F79EFBC}") = "Tyuiu.KonstantinovaJN.Sprint2.Task0.V4.Lib", "Tyuiu.KonstantinovaJN.Sprint2.Task0.V4.Lib\Tyuiu.KonstantinovaJN.Sprint2.Task0.V4.Lib.csproj", "{BDC67FD9-E8C4-495D-92DE-2BED0767ECCA}"
EndProject
Project("{2150E333-8FDC-42A3-9474-1A3956D46DE8}") = "Task1", "Task1", "{997F1667-63BF-46C6-828A-CBE4B95765C4}"
EndProject
Project("{FAE04EC0-301F-11D3-BF4B-00C04F79EFBC}") = "Tyuiu.KonstantinovaJN.Sprint2.Task1.V20", "Tyuiu.KonstantinovaJN.Sprint2.Task1.V20\Tyuiu.KonstantinovaJN.Sprint2.Task1.V20.csproj", "{9186664D-6DD2-4AC6-992C-F559F2AC9AC5}"
EndProject
Project("{FAE04EC0-301F-11D3-BF4B-00C04F79EFBC}") = "Tyuiu.KonstantinovaJN.Sprint2.Task1.V20.Lib", "Tyuiu.KonstantinovaJN.Sprint2.Task1.V20.Lib\Tyuiu.KonstantinovaJN.Sprint2.Task1.V20.Lib.csproj", "{3908722D-4B55-4B04-B969-4E72CA190052}"
EndProject
Project("{FAE04EC0-301F-11D3-BF4B-00C04F79EFBC}") = "Tyuiu.KonstantinovaJN.Sprint2.Task1.V20.Test", "Tyuiu.KonstantinovaJN.Sprint2.Task1.V20.Test\Tyuiu.KonstantinovaJN.Sprint2.Task1.V20.Test.csproj", "{27E15952-7BF3-4143-B6EB-91DAA7CB7BBA}"
EndProject
Project("{2150E333-8FDC-42A3-9474-1A3956D46DE8}") = "Task2", "Task2", "{2606CDF9-1663-4232-BED1-E8637025A0A1}"
EndProject
Project("{FAE04EC0-301F-11D3-BF4B-00C04F79EFBC}") = "Tyuiu.KonstantinovaJN.Sprint2.Task2.V12", "Tyuiu.KonstantinovaJN.Sprint2.Task2.V12\Tyuiu.KonstantinovaJN.Sprint2.Task2.V12.csproj", "{B10C07D0-EABD-416D-8BCC-DD520CE4DBD5}"
EndProject
Project("{FAE04EC0-301F-11D3-BF4B-00C04F79EFBC}") = "Tyuiu.KonstantinovaJN.Sprint2.Task2.V12.Test", "Tyuiu.KonstantinovaJN.Sprint2.Task2.V12.Test\Tyuiu.KonstantinovaJN.Sprint2.Task2.V12.Test.csproj", "{458A0A18-23AA-4931-9F59-61B4279ACE3D}"
EndProject
Project("{FAE04EC0-301F-11D3-BF4B-00C04F79EFBC}") = "Tyuiu.KonstantinovaJN.Sprint2.Task2.V12.Lib", "Tyuiu.KonstantinovaJN.Sprint2.Task2.V12.Lib\Tyuiu.KonstantinovaJN.Sprint2.Task2.V12.Lib.csproj", "{59557C73-D366-4600-8FD1-462F84F25E9D}"
EndProject
Global
	GlobalSection(SolutionConfigurationPlatforms) = preSolution
		Debug|Any CPU = Debug|Any CPU
		Release|Any CPU = Release|Any CPU
	EndGlobalSection
	GlobalSection(ProjectConfigurationPlatforms) = postSolution
		{3035585F-5A38-4BA2-A713-EE3429C0D748}.Debug|Any CPU.ActiveCfg = Debug|Any CPU
		{3035585F-5A38-4BA2-A713-EE3429C0D748}.Debug|Any CPU.Build.0 = Debug|Any CPU
		{3035585F-5A38-4BA2-A713-EE3429C0D748}.Release|Any CPU.ActiveCfg = Release|Any CPU
		{3035585F-5A38-4BA2-A713-EE3429C0D748}.Release|Any CPU.Build.0 = Release|Any CPU
		{CA1ED121-A119-4373-A4EF-1AFAE13224F2}.Debug|Any CPU.ActiveCfg = Debug|Any CPU
		{CA1ED121-A119-4373-A4EF-1AFAE13224F2}.Debug|Any CPU.Build.0 = Debug|Any CPU
		{CA1ED121-A119-4373-A4EF-1AFAE13224F2}.Release|Any CPU.ActiveCfg = Release|Any CPU
		{CA1ED121-A119-4373-A4EF-1AFAE13224F2}.Release|Any CPU.Build.0 = Release|Any CPU
		{BDC67FD9-E8C4-495D-92DE-2BED0767ECCA}.Debug|Any CPU.ActiveCfg = Debug|Any CPU
		{BDC67FD9-E8C4-495D-92DE-2BED0767ECCA}.Debug|Any CPU.Build.0 = Debug|Any CPU
		{BDC67FD9-E8C4-495D-92DE-2BED0767ECCA}.Release|Any CPU.ActiveCfg = Release|Any CPU
		{BDC67FD9-E8C4-495D-92DE-2BED0767ECCA}.Release|Any CPU.Build.0 = Release|Any CPU
		{9186664D-6DD2-4AC6-992C-F559F2AC9AC5}.Debug|Any CPU.ActiveCfg = Debug|Any CPU
		{9186664D-6DD2-4AC6-992C-F559F2AC9AC5}.Debug|Any CPU.Build.0 = Debug|Any CPU
		{9186664D-6DD2-4AC6-992C-F559F2AC9AC5}.Release|Any CPU.ActiveCfg = Release|Any CPU
		{9186664D-6DD2-4AC6-992C-F559F2AC9AC5}.Release|Any CPU.Build.0 = Release|Any CPU
		{3908722D-4B55-4B04-B969-4E72CA190052}.Debug|Any CPU.ActiveCfg = Debug|Any CPU
		{3908722D-4B55-4B04-B969-4E72CA190052}.Debug|Any CPU.Build.0 = Debug|Any CPU
		{3908722D-4B55-4B04-B969-4E72CA190052}.Release|Any CPU.ActiveCfg = Release|Any CPU
		{3908722D-4B55-4B04-B969-4E72CA190052}.Release|Any CPU.Build.0 = Release|Any CPU
		{27E15952-7BF3-4143-B6EB-91DAA7CB7BBA}.Debug|Any CPU.ActiveCfg = Debug|Any CPU
		{27E15952-7BF3-4143-B6EB-91DAA7CB7BBA}.Debug|Any CPU.Build.0 = Debug|Any CPU
		{27E15952-7BF3-4143-B6EB-91DAA7CB7BBA}.Release|Any CPU.ActiveCfg = Release|Any CPU
		{27E15952-7BF3-4143-B6EB-91DAA7CB7BBA}.Release|Any CPU.Build.0 = Release|Any CPU
		{B10C07D0-EABD-416D-8BCC-DD520CE4DBD5}.Debug|Any CPU.ActiveCfg = Debug|Any CPU
		{B10C07D0-EABD-416D-8BCC-DD520CE4DBD5}.Debug|Any CPU.Build.0 = Debug|Any CPU
		{B10C07D0-EABD-416D-8BCC-DD520CE4DBD5}.Release|Any CPU.ActiveCfg = Release|Any CPU
		{B10C07D0-EABD-416D-8BCC-DD520CE4DBD5}.Release|Any CPU.Build.0 = Release|Any CPU
		{458A0A18-23AA-4931-9F59-61B4279ACE3D}.Debug|Any CPU.ActiveCfg = Debug|Any CPU
		{458A0A18-23AA-4931-9F59-61B4279ACE3D}.Debug|Any CPU.Build.0 = Debug|Any CPU
		{458A0A18-23AA-4931-9F59-61B4279ACE3D}.Release|Any CPU.ActiveCfg = Release|Any CPU
		{458A0A18-23AA-4931-9F59-61B4279ACE3D}.Release|Any CPU.Build.0 = Release|Any CPU
		{59557C73-D366-4600-8FD1-462F84F25E9D}.Debug|Any CPU.ActiveCfg = Debug|Any CPU
		{59557C73-D366-4600-8FD1-462F84F25E9D}.Debug|Any CPU.Build.0 = Debug|Any CPU
		{59557C73-D366-4600-8FD1-462F84F25E9D}.Release|Any CPU.ActiveCfg = Release|Any CPU
		{59557C73-D366-4600-8FD1-462F84F25E9D}.Release|Any CPU.Build.0 = Release|Any CPU
	EndGlobalSection
	GlobalSection(SolutionProperties) = preSolution
		HideSolutionNode = FALSE
	EndGlobalSection
	GlobalSection(NestedProjects) = preSolution
		{3035585F-5A38-4BA2-A713-EE3429C0D748} = {14CEFD42-D617-4314-9F7F-C32D5D7BE83A}
		{CA1ED121-A119-4373-A4EF-1AFAE13224F2} = {14CEFD42-D617-4314-9F7F-C32D5D7BE83A}
		{BDC67FD9-E8C4-495D-92DE-2BED0767ECCA} = {14CEFD42-D617-4314-9F7F-C32D5D7BE83A}
		{9186664D-6DD2-4AC6-992C-F559F2AC9AC5} = {997F1667-63BF-46C6-828A-CBE4B95765C4}
		{3908722D-4B55-4B04-B969-4E72CA190052} = {997F1667-63BF-46C6-828A-CBE4B95765C4}
		{27E15952-7BF3-4143-B6EB-91DAA7CB7BBA} = {997F1667-63BF-46C6-828A-CBE4B95765C4}
		{B10C07D0-EABD-416D-8BCC-DD520CE4DBD5} = {2606CDF9-1663-4232-BED1-E8637025A0A1}
		{458A0A18-23AA-4931-9F59-61B4279ACE3D} = {2606CDF9-1663-4232-BED1-E8637025A0A1}
		{59557C73-D366-4600-8FD1-462F84F25E9D} = {2606CDF9-1663-4232-BED1-E8637025A0A1}
	EndGlobalSection
	GlobalSection(ExtensibilityGlobals) = postSolution
		SolutionGuid = {CAEFF883-3505-4774-8F03-12B17C4FDEE5}
	EndGlobalSection
EndGlobal
