
Microsoft Visual Studio Solution File, Format Version 12.00
# Visual Studio Version 17
VisualStudioVersion = 17.11.35327.3
MinimumVisualStudioVersion = 10.0.40219.1
Project("{2150E333-8FDC-42A3-9474-1A3956D46DE8}") = "Task0", "Task0", "{14CEFD42-D617-4314-9F7F-C32D5D7BE83A}"
EndProject
Project("{9A19103F-16F7-4668-BE54-9A1E7A4F7556}") = "Tyuiu.KonstantinovaJN.Sprint2.Task0.V4", "Tyuiu.KonstantinovaJN.Sprint2.Task0.V4\Tyuiu.KonstantinovaJN.Sprint2.Task0.V4.csproj", "{3035585F-5A38-4BA2-A713-EE3429C0D748}"
EndProject
Project("{9A19103F-16F7-4668-BE54-9A1E7A4F7556}") = "Tyuiu.KonstantinovaJN.Sprint2.Task0.V4.Test", "Tyuiu.KonstantinovaJN.Sprint2.Task0.V4.Test\Tyuiu.KonstantinovaJN.Sprint2.Task0.V4.Test.csproj", "{CA1ED121-A119-4373-A4EF-1AFAE13224F2}"
EndProject
Project("{9A19103F-16F7-4668-BE54-9A1E7A4F7556}") = "Tyuiu.KonstantinovaJN.Sprint2.Task0.V4.Lib", "Tyuiu.KonstantinovaJN.Sprint2.Task0.V4.Lib\Tyuiu.KonstantinovaJN.Sprint2.Task0.V4.Lib.csproj", "{BDC67FD9-E8C4-495D-92DE-2BED0767ECCA}"
EndProject
Project("{2150E333-8FDC-42A3-9474-1A3956D46DE8}") = "Task1", "Task1", "{997F1667-63BF-46C6-828A-CBE4B95765C4}"
EndProject
Project("{9A19103F-16F7-4668-BE54-9A1E7A4F7556}") = "Tyuiu.KonstantinovaJN.Sprint2.Task1.V20", "Tyuiu.KonstantinovaJN.Sprint2.Task1.V20\Tyuiu.KonstantinovaJN.Sprint2.Task1.V20.csproj", "{9186664D-6DD2-4AC6-992C-F559F2AC9AC5}"
EndProject
Project("{9A19103F-16F7-4668-BE54-9A1E7A4F7556}") = "Tyuiu.KonstantinovaJN.Sprint2.Task1.V20.Lib", "Tyuiu.KonstantinovaJN.Sprint2.Task1.V20.Lib\Tyuiu.KonstantinovaJN.Sprint2.Task1.V20.Lib.csproj", "{3908722D-4B55-4B04-B969-4E72CA190052}"
EndProject
Project("{9A19103F-16F7-4668-BE54-9A1E7A4F7556}") = "Tyuiu.KonstantinovaJN.Sprint2.Task1.V20.Test", "Tyuiu.KonstantinovaJN.Sprint2.Task1.V20.Test\Tyuiu.KonstantinovaJN.Sprint2.Task1.V20.Test.csproj", "{27E15952-7BF3-4143-B6EB-91DAA7CB7BBA}"
EndProject
Project("{2150E333-8FDC-42A3-9474-1A3956D46DE8}") = "Task2", "Task2", "{2606CDF9-1663-4232-BED1-E8637025A0A1}"
EndProject
Project("{9A19103F-16F7-4668-BE54-9A1E7A4F7556}") = "Tyuiu.KonstantinovaJN.Sprint2.Task2.V12", "Tyuiu.KonstantinovaJN.Sprint2.Task2.V12\Tyuiu.KonstantinovaJN.Sprint2.Task2.V12.csproj", "{B10C07D0-EABD-416D-8BCC-DD520CE4DBD5}"
EndProject
Project("{9A19103F-16F7-4668-BE54-9A1E7A4F7556}") = "Tyuiu.KonstantinovaJN.Sprint2.Task2.V12.Test", "Tyuiu.KonstantinovaJN.Sprint2.Task2.V12.Test\Tyuiu.KonstantinovaJN.Sprint2.Task2.V12.Test.csproj", "{458A0A18-23AA-4931-9F59-61B4279ACE3D}"
EndProject
Project("{9A19103F-16F7-4668-BE54-9A1E7A4F7556}") = "Tyuiu.KonstantinovaJN.Sprint2.Task2.V12.Lib", "Tyuiu.KonstantinovaJN.Sprint2.Task2.V12.Lib\Tyuiu.KonstantinovaJN.Sprint2.Task2.V12.Lib.csproj", "{59557C73-D366-4600-8FD1-462F84F25E9D}"
EndProject
Project("{2150E333-8FDC-42A3-9474-1A3956D46DE8}") = "Task3", "Task3", "{204EDFA6-91BE-49BD-844A-0479465AE16E}"
EndProject
Project("{9A19103F-16F7-4668-BE54-9A1E7A4F7556}") = "Tyuiu.KonstantinovaJN.Sprint2.Task3.V26", "Tyuiu.KonstantinovaJN.Sprint2.Task3.V26\Tyuiu.KonstantinovaJN.Sprint2.Task3.V26.csproj", "{73856143-049F-41E1-8FEC-4E937E87148D}"
EndProject
Project("{9A19103F-16F7-4668-BE54-9A1E7A4F7556}") = "Tyuiu.KonstantinovaJN.Sprint2.Task3.V26.Lib", "Tyuiu.KonstantinovaJN.Sprint2.Task3.V26.Lib\Tyuiu.KonstantinovaJN.Sprint2.Task3.V26.Lib.csproj", "{A64780A2-98A2-4824-A06A-0BD6515DB2E1}"
EndProject
Project("{9A19103F-16F7-4668-BE54-9A1E7A4F7556}") = "Tyuiu.KonstantinovaJN.Sprint2.Task3.V26.Test", "Tyuiu.KonstantinovaJN.Sprint2.Task3.V26.Test\Tyuiu.KonstantinovaJN.Sprint2.Task3.V26.Test.csproj", "{50A2F715-8445-4483-96B8-73523ABCE99A}"
EndProject
Project("{2150E333-8FDC-42A3-9474-1A3956D46DE8}") = "Task4", "Task4", "{222DAE5D-4FD0-42FD-9FF9-A65006299988}"
EndProject
Project("{9A19103F-16F7-4668-BE54-9A1E7A4F7556}") = "Tyuiu.KonstantinovaJN.Sprint2.Task4.V5", "Tyuiu.KonstantinovaJN.Sprint2.Task4.V5\Tyuiu.KonstantinovaJN.Sprint2.Task4.V5.csproj", "{008344F9-8572-4526-9AD1-2758F57FC62E}"
EndProject
Project("{9A19103F-16F7-4668-BE54-9A1E7A4F7556}") = "Tyuiu.KonstantinovaJN.Sprint2.Task4.V5.Test", "Tyuiu.KonstantinovaJN.Sprint2.Task4.V5.Test\Tyuiu.KonstantinovaJN.Sprint2.Task4.V5.Test.csproj", "{332C6A91-4E01-4732-A7DF-958CD9216F29}"
EndProject
Project("{9A19103F-16F7-4668-BE54-9A1E7A4F7556}") = "Tyuiu.KonstantinovaJN.Sprint2.Task4.V5.Lib", "Tyuiu.KonstantinovaJN.Sprint2.Task4.V5.Lib\Tyuiu.KonstantinovaJN.Sprint2.Task4.V5.Lib.csproj", "{4326C9D7-F2F4-4DE6-8D66-7D3B93A1BBA5}"
EndProject
Project("{2150E333-8FDC-42A3-9474-1A3956D46DE8}") = "Task5", "Task5", "{ACE99E17-AFD9-44EA-A08B-81831881C8CF}"
EndProject
Project("{9A19103F-16F7-4668-BE54-9A1E7A4F7556}") = "Tyuiu.KonstantinovaJN.Sprint2.Task5.V13", "Tyuiu.KonstantinovaJN.Sprint2.Task5.V13\Tyuiu.KonstantinovaJN.Sprint2.Task5.V13.csproj", "{BF9A48D9-256E-4E51-B2AC-FE7607FE5AD5}"
EndProject
Project("{9A19103F-16F7-4668-BE54-9A1E7A4F7556}") = "Tyuiu.KonstantinovaJN.Sprint2.Task5.V13.Lib", "Tyuiu.KonstantinovaJN.Sprint2.Task5.V13.Lib\Tyuiu.KonstantinovaJN.Sprint2.Task5.V13.Lib.csproj", "{EF9AF621-0F42-4BC9-8C43-48C55CBC69F4}"
EndProject
Project("{9A19103F-16F7-4668-BE54-9A1E7A4F7556}") = "Tyuiu.KonstantinovaJN.Sprint2.Task5.V13.Test", "Tyuiu.KonstantinovaJN.Sprint2.Task5.V13.Test\Tyuiu.KonstantinovaJN.Sprint2.Task5.V13.Test.csproj", "{23AA1913-7AA9-4572-84F2-7A1922C4B58F}"
EndProject
Project("{2150E333-8FDC-42A3-9474-1A3956D46DE8}") = "Task6", "Task6", "{2E56638F-B1E1-4DEF-8A68-7281F37FB12C}"
EndProject
Project("{FAE04EC0-301F-11D3-BF4B-00C04F79EFBC}") = "Tyuiu.KonstantinovaJN.Sprint2.Task6.V1", "Tyuiu.KonstantinovaJN.Sprint2.Task6.V1\Tyuiu.KonstantinovaJN.Sprint2.Task6.V1.csproj", "{D0B8CB6A-2725-4C8F-9179-CBDD04731DFA}"
EndProject
Project("{FAE04EC0-301F-11D3-BF4B-00C04F79EFBC}") = "Tyuiu.KonstantinovaJN.Sprint2.Task6.V1.Test", "Tyuiu.KonstantinovaJN.Sprint2.Task6.V1.Test\Tyuiu.KonstantinovaJN.Sprint2.Task6.V1.Test.csproj", "{54A4469F-8BAF-45CB-8180-C48406E891F2}"
EndProject
Project("{FAE04EC0-301F-11D3-BF4B-00C04F79EFBC}") = "Tyuiu.KonstantinovaJN.Sprint2.Task6.V1.Lib", "Tyuiu.KonstantinovaJN.Sprint2.Task6.V1.Lib\Tyuiu.KonstantinovaJN.Sprint2.Task6.V1.Lib.csproj", "{66426E28-6551-473C-83F8-E2045D527D5E}"
EndProject
Project("{2150E333-8FDC-42A3-9474-1A3956D46DE8}") = "Task7", "Task7", "{8EC852EE-28B4-4463-8497-D2CF2C38DE32}"
EndProject
Project("{FAE04EC0-301F-11D3-BF4B-00C04F79EFBC}") = "Tyuiu.KonstantinovaJN.Sprint2.Task7.V1", "Tyuiu.KonstantinovaJN.Sprint2.Task7.V1\Tyuiu.KonstantinovaJN.Sprint2.Task7.V1.csproj", "{ED72F991-6A5A-49D5-B13B-0EC795E6E53A}"
EndProject
Project("{FAE04EC0-301F-11D3-BF4B-00C04F79EFBC}") = "Tyuiu.KonstantinovaJN.Sprint2.Task7.V1.Lib", "Tyuiu.KonstantinovaJN.Sprint2.Task7.V1.Lib\Tyuiu.KonstantinovaJN.Sprint2.Task7.V1.Lib.csproj", "{A830DF9A-2B56-471A-9586-C4922E4A4013}"
EndProject
Project("{FAE04EC0-301F-11D3-BF4B-00C04F79EFBC}") = "Tyuiu.KonstantinovaJN.Sprint2.Task7.V1.Test", "Tyuiu.KonstantinovaJN.Sprint2.Task7.V1.Test\Tyuiu.KonstantinovaJN.Sprint2.Task7.V1.Test.csproj", "{F480CA94-C1D7-4C57-8300-97679E4DE090}"
EndProject
Global
	GlobalSection(SolutionConfigurationPlatforms) = preSolution
		Debug|Any CPU = Debug|Any CPU
		Release|Any CPU = Release|Any CPU
	EndGlobalSection
	GlobalSection(ProjectConfigurationPlatforms) = postSolution
		{3035585F-5A38-4BA2-A713-EE3429C0D748}.Debug|Any CPU.ActiveCfg = Debug|Any CPU
		{3035585F-5A38-4BA2-A713-EE3429C0D748}.Debug|Any CPU.Build.0 = Debug|Any CPU
		{3035585F-5A38-4BA2-A713-EE3429C0D748}.Release|Any CPU.ActiveCfg = Release|Any CPU
		{3035585F-5A38-4BA2-A713-EE3429C0D748}.Release|Any CPU.Build.0 = Release|Any CPU
		{CA1ED121-A119-4373-A4EF-1AFAE13224F2}.Debug|Any CPU.ActiveCfg = Debug|Any CPU
		{CA1ED121-A119-4373-A4EF-1AFAE13224F2}.Debug|Any CPU.Build.0 = Debug|Any CPU
		{CA1ED121-A119-4373-A4EF-1AFAE13224F2}.Release|Any CPU.ActiveCfg = Release|Any CPU
		{CA1ED121-A119-4373-A4EF-1AFAE13224F2}.Release|Any CPU.Build.0 = Release|Any CPU
		{BDC67FD9-E8C4-495D-92DE-2BED0767ECCA}.Debug|Any CPU.ActiveCfg = Debug|Any CPU
		{BDC67FD9-E8C4-495D-92DE-2BED0767ECCA}.Debug|Any CPU.Build.0 = Debug|Any CPU
		{BDC67FD9-E8C4-495D-92DE-2BED0767ECCA}.Release|Any CPU.ActiveCfg = Release|Any CPU
		{BDC67FD9-E8C4-495D-92DE-2BED0767ECCA}.Release|Any CPU.Build.0 = Release|Any CPU
		{9186664D-6DD2-4AC6-992C-F559F2AC9AC5}.Debug|Any CPU.ActiveCfg = Debug|Any CPU
		{9186664D-6DD2-4AC6-992C-F559F2AC9AC5}.Debug|Any CPU.Build.0 = Debug|Any CPU
		{9186664D-6DD2-4AC6-992C-F559F2AC9AC5}.Release|Any CPU.ActiveCfg = Release|Any CPU
		{9186664D-6DD2-4AC6-992C-F559F2AC9AC5}.Release|Any CPU.Build.0 = Release|Any CPU
		{3908722D-4B55-4B04-B969-4E72CA190052}.Debug|Any CPU.ActiveCfg = Debug|Any CPU
		{3908722D-4B55-4B04-B969-4E72CA190052}.Debug|Any CPU.Build.0 = Debug|Any CPU
		{3908722D-4B55-4B04-B969-4E72CA190052}.Release|Any CPU.ActiveCfg = Release|Any CPU
		{3908722D-4B55-4B04-B969-4E72CA190052}.Release|Any CPU.Build.0 = Release|Any CPU
		{27E15952-7BF3-4143-B6EB-91DAA7CB7BBA}.Debug|Any CPU.ActiveCfg = Debug|Any CPU
		{27E15952-7BF3-4143-B6EB-91DAA7CB7BBA}.Debug|Any CPU.Build.0 = Debug|Any CPU
		{27E15952-7BF3-4143-B6EB-91DAA7CB7BBA}.Release|Any CPU.ActiveCfg = Release|Any CPU
		{27E15952-7BF3-4143-B6EB-91DAA7CB7BBA}.Release|Any CPU.Build.0 = Release|Any CPU
		{B10C07D0-EABD-416D-8BCC-DD520CE4DBD5}.Debug|Any CPU.ActiveCfg = Debug|Any CPU
		{B10C07D0-EABD-416D-8BCC-DD520CE4DBD5}.Debug|Any CPU.Build.0 = Debug|Any CPU
		{B10C07D0-EABD-416D-8BCC-DD520CE4DBD5}.Release|Any CPU.ActiveCfg = Release|Any CPU
		{B10C07D0-EABD-416D-8BCC-DD520CE4DBD5}.Release|Any CPU.Build.0 = Release|Any CPU
		{458A0A18-23AA-4931-9F59-61B4279ACE3D}.Debug|Any CPU.ActiveCfg = Debug|Any CPU
		{458A0A18-23AA-4931-9F59-61B4279ACE3D}.Debug|Any CPU.Build.0 = Debug|Any CPU
		{458A0A18-23AA-4931-9F59-61B4279ACE3D}.Release|Any CPU.ActiveCfg = Release|Any CPU
		{458A0A18-23AA-4931-9F59-61B4279ACE3D}.Release|Any CPU.Build.0 = Release|Any CPU
		{59557C73-D366-4600-8FD1-462F84F25E9D}.Debug|Any CPU.ActiveCfg = Debug|Any CPU
		{59557C73-D366-4600-8FD1-462F84F25E9D}.Debug|Any CPU.Build.0 = Debug|Any CPU
		{59557C73-D366-4600-8FD1-462F84F25E9D}.Release|Any CPU.ActiveCfg = Release|Any CPU
		{59557C73-D366-4600-8FD1-462F84F25E9D}.Release|Any CPU.Build.0 = Release|Any CPU
		{73856143-049F-41E1-8FEC-4E937E87148D}.Debug|Any CPU.ActiveCfg = Debug|Any CPU
		{73856143-049F-41E1-8FEC-4E937E87148D}.Debug|Any CPU.Build.0 = Debug|Any CPU
		{73856143-049F-41E1-8FEC-4E937E87148D}.Release|Any CPU.ActiveCfg = Release|Any CPU
		{73856143-049F-41E1-8FEC-4E937E87148D}.Release|Any CPU.Build.0 = Release|Any CPU
		{A64780A2-98A2-4824-A06A-0BD6515DB2E1}.Debug|Any CPU.ActiveCfg = Debug|Any CPU
		{A64780A2-98A2-4824-A06A-0BD6515DB2E1}.Debug|Any CPU.Build.0 = Debug|Any CPU
		{A64780A2-98A2-4824-A06A-0BD6515DB2E1}.Release|Any CPU.ActiveCfg = Release|Any CPU
		{A64780A2-98A2-4824-A06A-0BD6515DB2E1}.Release|Any CPU.Build.0 = Release|Any CPU
		{50A2F715-8445-4483-96B8-73523ABCE99A}.Debug|Any CPU.ActiveCfg = Debug|Any CPU
		{50A2F715-8445-4483-96B8-73523ABCE99A}.Debug|Any CPU.Build.0 = Debug|Any CPU
		{50A2F715-8445-4483-96B8-73523ABCE99A}.Release|Any CPU.ActiveCfg = Release|Any CPU
		{50A2F715-8445-4483-96B8-73523ABCE99A}.Release|Any CPU.Build.0 = Release|Any CPU
		{008344F9-8572-4526-9AD1-2758F57FC62E}.Debug|Any CPU.ActiveCfg = Debug|Any CPU
		{008344F9-8572-4526-9AD1-2758F57FC62E}.Debug|Any CPU.Build.0 = Debug|Any CPU
		{008344F9-8572-4526-9AD1-2758F57FC62E}.Release|Any CPU.ActiveCfg = Release|Any CPU
		{008344F9-8572-4526-9AD1-2758F57FC62E}.Release|Any CPU.Build.0 = Release|Any CPU
		{332C6A91-4E01-4732-A7DF-958CD9216F29}.Debug|Any CPU.ActiveCfg = Debug|Any CPU
		{332C6A91-4E01-4732-A7DF-958CD9216F29}.Debug|Any CPU.Build.0 = Debug|Any CPU
		{332C6A91-4E01-4732-A7DF-958CD9216F29}.Release|Any CPU.ActiveCfg = Release|Any CPU
		{332C6A91-4E01-4732-A7DF-958CD9216F29}.Release|Any CPU.Build.0 = Release|Any CPU
		{4326C9D7-F2F4-4DE6-8D66-7D3B93A1BBA5}.Debug|Any CPU.ActiveCfg = Debug|Any CPU
		{4326C9D7-F2F4-4DE6-8D66-7D3B93A1BBA5}.Debug|Any CPU.Build.0 = Debug|Any CPU
		{4326C9D7-F2F4-4DE6-8D66-7D3B93A1BBA5}.Release|Any CPU.ActiveCfg = Release|Any CPU
		{4326C9D7-F2F4-4DE6-8D66-7D3B93A1BBA5}.Release|Any CPU.Build.0 = Release|Any CPU
		{BF9A48D9-256E-4E51-B2AC-FE7607FE5AD5}.Debug|Any CPU.ActiveCfg = Debug|Any CPU
		{BF9A48D9-256E-4E51-B2AC-FE7607FE5AD5}.Debug|Any CPU.Build.0 = Debug|Any CPU
		{BF9A48D9-256E-4E51-B2AC-FE7607FE5AD5}.Release|Any CPU.ActiveCfg = Release|Any CPU
		{BF9A48D9-256E-4E51-B2AC-FE7607FE5AD5}.Release|Any CPU.Build.0 = Release|Any CPU
		{EF9AF621-0F42-4BC9-8C43-48C55CBC69F4}.Debug|Any CPU.ActiveCfg = Debug|Any CPU
		{EF9AF621-0F42-4BC9-8C43-48C55CBC69F4}.Debug|Any CPU.Build.0 = Debug|Any CPU
		{EF9AF621-0F42-4BC9-8C43-48C55CBC69F4}.Release|Any CPU.ActiveCfg = Release|Any CPU
		{EF9AF621-0F42-4BC9-8C43-48C55CBC69F4}.Release|Any CPU.Build.0 = Release|Any CPU
		{23AA1913-7AA9-4572-84F2-7A1922C4B58F}.Debug|Any CPU.ActiveCfg = Debug|Any CPU
		{23AA1913-7AA9-4572-84F2-7A1922C4B58F}.Debug|Any CPU.Build.0 = Debug|Any CPU
		{23AA1913-7AA9-4572-84F2-7A1922C4B58F}.Release|Any CPU.ActiveCfg = Release|Any CPU
		{23AA1913-7AA9-4572-84F2-7A1922C4B58F}.Release|Any CPU.Build.0 = Release|Any CPU
		{D0B8CB6A-2725-4C8F-9179-CBDD04731DFA}.Debug|Any CPU.ActiveCfg = Debug|Any CPU
		{D0B8CB6A-2725-4C8F-9179-CBDD04731DFA}.Debug|Any CPU.Build.0 = Debug|Any CPU
		{D0B8CB6A-2725-4C8F-9179-CBDD04731DFA}.Release|Any CPU.ActiveCfg = Release|Any CPU
		{D0B8CB6A-2725-4C8F-9179-CBDD04731DFA}.Release|Any CPU.Build.0 = Release|Any CPU
		{54A4469F-8BAF-45CB-8180-C48406E891F2}.Debug|Any CPU.ActiveCfg = Debug|Any CPU
		{54A4469F-8BAF-45CB-8180-C48406E891F2}.Debug|Any CPU.Build.0 = Debug|Any CPU
		{54A4469F-8BAF-45CB-8180-C48406E891F2}.Release|Any CPU.ActiveCfg = Release|Any CPU
		{54A4469F-8BAF-45CB-8180-C48406E891F2}.Release|Any CPU.Build.0 = Release|Any CPU
		{66426E28-6551-473C-83F8-E2045D527D5E}.Debug|Any CPU.ActiveCfg = Debug|Any CPU
		{66426E28-6551-473C-83F8-E2045D527D5E}.Debug|Any CPU.Build.0 = Debug|Any CPU
		{66426E28-6551-473C-83F8-E2045D527D5E}.Release|Any CPU.ActiveCfg = Release|Any CPU
		{66426E28-6551-473C-83F8-E2045D527D5E}.Release|Any CPU.Build.0 = Release|Any CPU
		{ED72F991-6A5A-49D5-B13B-0EC795E6E53A}.Debug|Any CPU.ActiveCfg = Debug|Any CPU
		{ED72F991-6A5A-49D5-B13B-0EC795E6E53A}.Debug|Any CPU.Build.0 = Debug|Any CPU
		{ED72F991-6A5A-49D5-B13B-0EC795E6E53A}.Release|Any CPU.ActiveCfg = Release|Any CPU
		{ED72F991-6A5A-49D5-B13B-0EC795E6E53A}.Release|Any CPU.Build.0 = Release|Any CPU
		{A830DF9A-2B56-471A-9586-C4922E4A4013}.Debug|Any CPU.ActiveCfg = Debug|Any CPU
		{A830DF9A-2B56-471A-9586-C4922E4A4013}.Debug|Any CPU.Build.0 = Debug|Any CPU
		{A830DF9A-2B56-471A-9586-C4922E4A4013}.Release|Any CPU.ActiveCfg = Release|Any CPU
		{A830DF9A-2B56-471A-9586-C4922E4A4013}.Release|Any CPU.Build.0 = Release|Any CPU
		{F480CA94-C1D7-4C57-8300-97679E4DE090}.Debug|Any CPU.ActiveCfg = Debug|Any CPU
		{F480CA94-C1D7-4C57-8300-97679E4DE090}.Debug|Any CPU.Build.0 = Debug|Any CPU
		{F480CA94-C1D7-4C57-8300-97679E4DE090}.Release|Any CPU.ActiveCfg = Release|Any CPU
		{F480CA94-C1D7-4C57-8300-97679E4DE090}.Release|Any CPU.Build.0 = Release|Any CPU
	EndGlobalSection
	GlobalSection(SolutionProperties) = preSolution
		HideSolutionNode = FALSE
	EndGlobalSection
	GlobalSection(NestedProjects) = preSolution
		{3035585F-5A38-4BA2-A713-EE3429C0D748} = {14CEFD42-D617-4314-9F7F-C32D5D7BE83A}
		{CA1ED121-A119-4373-A4EF-1AFAE13224F2} = {14CEFD42-D617-4314-9F7F-C32D5D7BE83A}
		{BDC67FD9-E8C4-495D-92DE-2BED0767ECCA} = {14CEFD42-D617-4314-9F7F-C32D5D7BE83A}
		{9186664D-6DD2-4AC6-992C-F559F2AC9AC5} = {997F1667-63BF-46C6-828A-CBE4B95765C4}
		{3908722D-4B55-4B04-B969-4E72CA190052} = {997F1667-63BF-46C6-828A-CBE4B95765C4}
		{27E15952-7BF3-4143-B6EB-91DAA7CB7BBA} = {997F1667-63BF-46C6-828A-CBE4B95765C4}
		{B10C07D0-EABD-416D-8BCC-DD520CE4DBD5} = {2606CDF9-1663-4232-BED1-E8637025A0A1}
		{458A0A18-23AA-4931-9F59-61B4279ACE3D} = {2606CDF9-1663-4232-BED1-E8637025A0A1}
		{59557C73-D366-4600-8FD1-462F84F25E9D} = {2606CDF9-1663-4232-BED1-E8637025A0A1}
		{73856143-049F-41E1-8FEC-4E937E87148D} = {204EDFA6-91BE-49BD-844A-0479465AE16E}
		{A64780A2-98A2-4824-A06A-0BD6515DB2E1} = {204EDFA6-91BE-49BD-844A-0479465AE16E}
		{50A2F715-8445-4483-96B8-73523ABCE99A} = {204EDFA6-91BE-49BD-844A-0479465AE16E}
		{008344F9-8572-4526-9AD1-2758F57FC62E} = {222DAE5D-4FD0-42FD-9FF9-A65006299988}
		{332C6A91-4E01-4732-A7DF-958CD9216F29} = {222DAE5D-4FD0-42FD-9FF9-A65006299988}
		{4326C9D7-F2F4-4DE6-8D66-7D3B93A1BBA5} = {222DAE5D-4FD0-42FD-9FF9-A65006299988}
		{BF9A48D9-256E-4E51-B2AC-FE7607FE5AD5} = {ACE99E17-AFD9-44EA-A08B-81831881C8CF}
		{EF9AF621-0F42-4BC9-8C43-48C55CBC69F4} = {ACE99E17-AFD9-44EA-A08B-81831881C8CF}
		{23AA1913-7AA9-4572-84F2-7A1922C4B58F} = {ACE99E17-AFD9-44EA-A08B-81831881C8CF}
		{D0B8CB6A-2725-4C8F-9179-CBDD04731DFA} = {2E56638F-B1E1-4DEF-8A68-7281F37FB12C}
		{54A4469F-8BAF-45CB-8180-C48406E891F2} = {2E56638F-B1E1-4DEF-8A68-7281F37FB12C}
		{66426E28-6551-473C-83F8-E2045D527D5E} = {2E56638F-B1E1-4DEF-8A68-7281F37FB12C}
		{ED72F991-6A5A-49D5-B13B-0EC795E6E53A} = {8EC852EE-28B4-4463-8497-D2CF2C38DE32}
		{A830DF9A-2B56-471A-9586-C4922E4A4013} = {8EC852EE-28B4-4463-8497-D2CF2C38DE32}
		{F480CA94-C1D7-4C57-8300-97679E4DE090} = {8EC852EE-28B4-4463-8497-D2CF2C38DE32}
	EndGlobalSection
	GlobalSection(ExtensibilityGlobals) = postSolution
		SolutionGuid = {CAEFF883-3505-4774-8F03-12B17C4FDEE5}
	EndGlobalSection
EndGlobal
